
Microsoft Visual Studio Solution File, Format Version 12.00
# Visual Studio Version 17
VisualStudioVersion = 17.0.31903.59
MinimumVisualStudioVersion = 10.0.40219.1
Project("{FAE04EC0-301F-11D3-BF4B-00C04F79EFBC}") = "JwtStore.Api", "JwtStore.Api\JwtStore.Api.csproj", "{3EC64BCB-AB98-4FF4-B9C4-AA6C5E92A122}"
EndProject
Project("{FAE04EC0-301F-11D3-BF4B-00C04F79EFBC}") = "JwtStore.Core", "JwtStore.Core\JwtStore.Core.csproj", "{66EBA7D1-E64B-4779-B9BD-7B764F2D7F4B}"
EndProject
Project("{FAE04EC0-301F-11D3-BF4B-00C04F79EFBC}") = "JwtStore.Infra", "JwtStore.Infra\JwtStore.Infra.csproj", "{5F8AAAC1-FAAB-47BD-84FD-4A48A18273AD}"
EndProject
Global
	GlobalSection(SolutionConfigurationPlatforms) = preSolution
		Debug|Any CPU = Debug|Any CPU
		Debug|x64 = Debug|x64
		Debug|x86 = Debug|x86
		Release|Any CPU = Release|Any CPU
		Release|x64 = Release|x64
		Release|x86 = Release|x86
	EndGlobalSection
	GlobalSection(ProjectConfigurationPlatforms) = postSolution
		{3EC64BCB-AB98-4FF4-B9C4-AA6C5E92A122}.Debug|Any CPU.ActiveCfg = Debug|Any CPU
		{3EC64BCB-AB98-4FF4-B9C4-AA6C5E92A122}.Debug|Any CPU.Build.0 = Debug|Any CPU
		{3EC64BCB-AB98-4FF4-B9C4-AA6C5E92A122}.Debug|x64.ActiveCfg = Debug|Any CPU
		{3EC64BCB-AB98-4FF4-B9C4-AA6C5E92A122}.Debug|x64.Build.0 = Debug|Any CPU
		{3EC64BCB-AB98-4FF4-B9C4-AA6C5E92A122}.Debug|x86.ActiveCfg = Debug|Any CPU
		{3EC64BCB-AB98-4FF4-B9C4-AA6C5E92A122}.Debug|x86.Build.0 = Debug|Any CPU
		{3EC64BCB-AB98-4FF4-B9C4-AA6C5E92A122}.Release|Any CPU.ActiveCfg = Release|Any CPU
		{3EC64BCB-AB98-4FF4-B9C4-AA6C5E92A122}.Release|Any CPU.Build.0 = Release|Any CPU
		{3EC64BCB-AB98-4FF4-B9C4-AA6C5E92A122}.Release|x64.ActiveCfg = Release|Any CPU
		{3EC64BCB-AB98-4FF4-B9C4-AA6C5E92A122}.Release|x64.Build.0 = Release|Any CPU
		{3EC64BCB-AB98-4FF4-B9C4-AA6C5E92A122}.Release|x86.ActiveCfg = Release|Any CPU
		{3EC64BCB-AB98-4FF4-B9C4-AA6C5E92A122}.Release|x86.Build.0 = Release|Any CPU
		{66EBA7D1-E64B-4779-B9BD-7B764F2D7F4B}.Debug|Any CPU.ActiveCfg = Debug|Any CPU
		{66EBA7D1-E64B-4779-B9BD-7B764F2D7F4B}.Debug|Any CPU.Build.0 = Debug|Any CPU
		{66EBA7D1-E64B-4779-B9BD-7B764F2D7F4B}.Debug|x64.ActiveCfg = Debug|Any CPU
		{66EBA7D1-E64B-4779-B9BD-7B764F2D7F4B}.Debug|x64.Build.0 = Debug|Any CPU
		{66EBA7D1-E64B-4779-B9BD-7B764F2D7F4B}.Debug|x86.ActiveCfg = Debug|Any CPU
		{66EBA7D1-E64B-4779-B9BD-7B764F2D7F4B}.Debug|x86.Build.0 = Debug|Any CPU
		{66EBA7D1-E64B-4779-B9BD-7B764F2D7F4B}.Release|Any CPU.ActiveCfg = Release|Any CPU
		{66EBA7D1-E64B-4779-B9BD-7B764F2D7F4B}.Release|Any CPU.Build.0 = Release|Any CPU
		{66EBA7D1-E64B-4779-B9BD-7B764F2D7F4B}.Release|x64.ActiveCfg = Release|Any CPU
		{66EBA7D1-E64B-4779-B9BD-7B764F2D7F4B}.Release|x64.Build.0 = Release|Any CPU
		{66EBA7D1-E64B-4779-B9BD-7B764F2D7F4B}.Release|x86.ActiveCfg = Release|Any CPU
		{66EBA7D1-E64B-4779-B9BD-7B764F2D7F4B}.Release|x86.Build.0 = Release|Any CPU
		{5F8AAAC1-FAAB-47BD-84FD-4A48A18273AD}.Debug|Any CPU.ActiveCfg = Debug|Any CPU
		{5F8AAAC1-FAAB-47BD-84FD-4A48A18273AD}.Debug|Any CPU.Build.0 = Debug|Any CPU
		{5F8AAAC1-FAAB-47BD-84FD-4A48A18273AD}.Debug|x64.ActiveCfg = Debug|Any CPU
		{5F8AAAC1-FAAB-47BD-84FD-4A48A18273AD}.Debug|x64.Build.0 = Debug|Any CPU
		{5F8AAAC1-FAAB-47BD-84FD-4A48A18273AD}.Debug|x86.ActiveCfg = Debug|Any CPU
		{5F8AAAC1-FAAB-47BD-84FD-4A48A18273AD}.Debug|x86.Build.0 = Debug|Any CPU
		{5F8AAAC1-FAAB-47BD-84FD-4A48A18273AD}.Release|Any CPU.ActiveCfg = Release|Any CPU
		{5F8AAAC1-FAAB-47BD-84FD-4A48A18273AD}.Release|Any CPU.Build.0 = Release|Any CPU
		{5F8AAAC1-FAAB-47BD-84FD-4A48A18273AD}.Release|x64.ActiveCfg = Release|Any CPU
		{5F8AAAC1-FAAB-47BD-84FD-4A48A18273AD}.Release|x64.Build.0 = Release|Any CPU
		{5F8AAAC1-FAAB-47BD-84FD-4A48A18273AD}.Release|x86.ActiveCfg = Release|Any CPU
		{5F8AAAC1-FAAB-47BD-84FD-4A48A18273AD}.Release|x86.Build.0 = Release|Any CPU
	EndGlobalSection
	GlobalSection(SolutionProperties) = preSolution
		HideSolutionNode = FALSE
	EndGlobalSection
EndGlobal
